// !$*UTF8*$!
{
	archiveVersion = 1;
	classes = {
	};
	objectVersion = 50;
	objects = {

/* Begin PBXBuildFile section */
		20E2ED9C8253C9063DFCB75A /* libPods-八点半买.a in Frameworks */ = {isa = PBXBuildFile; fileRef = 6397D2F179E298295C808235 /* libPods-八点半买.a */; };
		DE30EE1A217587870043FABC /* AppDelegate.m in Sources */ = {isa = PBXBuildFile; fileRef = DE30EE19217587870043FABC /* AppDelegate.m */; };
		DE30EE1D217587870043FABC /* ViewController.m in Sources */ = {isa = PBXBuildFile; fileRef = DE30EE1C217587870043FABC /* ViewController.m */; };
		DE30EE222175878B0043FABC /* Assets.xcassets in Resources */ = {isa = PBXBuildFile; fileRef = DE30EE212175878B0043FABC /* Assets.xcassets */; };
		DE30EE252175878B0043FABC /* LaunchScreen.storyboard in Resources */ = {isa = PBXBuildFile; fileRef = DE30EE232175878B0043FABC /* LaunchScreen.storyboard */; };
		DE30EE282175878B0043FABC /* main.m in Sources */ = {isa = PBXBuildFile; fileRef = DE30EE272175878B0043FABC /* main.m */; };
		DE93ED9121869F7F0071DB5D /* libz.tbd in Frameworks */ = {isa = PBXBuildFile; fileRef = DE93ED9021869F7F0071DB5D /* libz.tbd */; };
		DE93ED9321869F890071DB5D /* libsqlite3.0.tbd in Frameworks */ = {isa = PBXBuildFile; fileRef = DE93ED9221869F890071DB5D /* libsqlite3.0.tbd */; };
		DE93ED9521869F900071DB5D /* UserNotifications.framework in Frameworks */ = {isa = PBXBuildFile; fileRef = DE93ED9421869F900071DB5D /* UserNotifications.framework */; };
		DEE43870218AE972003E1028 /* HomeViewController.m in Sources */ = {isa = PBXBuildFile; fileRef = DEE43845218AE972003E1028 /* HomeViewController.m */; };
		DEE43871218AE972003E1028 /* Home_demo_01.png in Resources */ = {isa = PBXBuildFile; fileRef = DEE43846218AE972003E1028 /* Home_demo_01.png */; };
		DEE43872218AE972003E1028 /* Home_demo_03.png in Resources */ = {isa = PBXBuildFile; fileRef = DEE43847218AE972003E1028 /* Home_demo_03.png */; };
		DEE43873218AE972003E1028 /* Home_demo_02.png in Resources */ = {isa = PBXBuildFile; fileRef = DEE43848218AE972003E1028 /* Home_demo_02.png */; };
		DEE43874218AE972003E1028 /* TabBarController.m in Sources */ = {isa = PBXBuildFile; fileRef = DEE4384C218AE972003E1028 /* TabBarController.m */; };
		DEE43875218AE972003E1028 /* Tabbar.m in Sources */ = {isa = PBXBuildFile; fileRef = DEE4384D218AE972003E1028 /* Tabbar.m */; };
		DEE43876218AE972003E1028 /* HomeDetailViewController.m in Sources */ = {isa = PBXBuildFile; fileRef = DEE43850218AE972003E1028 /* HomeDetailViewController.m */; };
		DEE43877218AE972003E1028 /* Mine_photo_define@3x.png in Resources */ = {isa = PBXBuildFile; fileRef = DEE43851218AE972003E1028 /* Mine_photo_define@3x.png */; };
		DEE43878218AE972003E1028 /* FunctionViewController.m in Sources */ = {isa = PBXBuildFile; fileRef = DEE43853218AE972003E1028 /* FunctionViewController.m */; };
		DEE43879218AE972003E1028 /* CenterViewController.m in Sources */ = {isa = PBXBuildFile; fileRef = DEE43854218AE972003E1028 /* CenterViewController.m */; };
		DEE4387A218AE972003E1028 /* WBTool.m in Sources */ = {isa = PBXBuildFile; fileRef = DEE43855218AE972003E1028 /* WBTool.m */; };
		DEE4387B218AE972003E1028 /* CommunityViewController.m in Sources */ = {isa = PBXBuildFile; fileRef = DEE43857218AE972003E1028 /* CommunityViewController.m */; };
		DEE4387C218AE972003E1028 /* UILabel+Size.m in Sources */ = {isa = PBXBuildFile; fileRef = DEE43858218AE972003E1028 /* UILabel+Size.m */; };
		DEE4387D218AE972003E1028 /* UIColor+ConvertColor.m in Sources */ = {isa = PBXBuildFile; fileRef = DEE4385D218AE972003E1028 /* UIColor+ConvertColor.m */; };
		DEE4387E218AE972003E1028 /* MineViewController.m in Sources */ = {isa = PBXBuildFile; fileRef = DEE43860218AE972003E1028 /* MineViewController.m */; };
		DEE4387F218AE972003E1028 /* Mine_photo_define@2x.png in Resources */ = {isa = PBXBuildFile; fileRef = DEE43861218AE972003E1028 /* Mine_photo_define@2x.png */; };
		DEE43880218AE972003E1028 /* TB_mine_normal@3x.png in Resources */ = {isa = PBXBuildFile; fileRef = DEE43864218AE972003E1028 /* TB_mine_normal@3x.png */; };
		DEE43881218AE972003E1028 /* TB_function_normal@3x.png in Resources */ = {isa = PBXBuildFile; fileRef = DEE43865218AE972003E1028 /* TB_function_normal@3x.png */; };
		DEE43882218AE972003E1028 /* homePage_saoyisao@3x.png in Resources */ = {isa = PBXBuildFile; fileRef = DEE43866218AE972003E1028 /* homePage_saoyisao@3x.png */; };
		DEE43883218AE972003E1028 /* homePage_saoyisao@2x.png in Resources */ = {isa = PBXBuildFile; fileRef = DEE43867218AE972003E1028 /* homePage_saoyisao@2x.png */; };
		DEE43884218AE972003E1028 /* TB_home_press@3x.png in Resources */ = {isa = PBXBuildFile; fileRef = DEE43868218AE972003E1028 /* TB_home_press@3x.png */; };
		DEE43885218AE972003E1028 /* TB_home_normal@3x.png in Resources */ = {isa = PBXBuildFile; fileRef = DEE43869218AE972003E1028 /* TB_home_normal@3x.png */; };
		DEE43886218AE972003E1028 /* TB_community_normal@3x.png in Resources */ = {isa = PBXBuildFile; fileRef = DEE4386A218AE972003E1028 /* TB_community_normal@3x.png */; };
		DEE43887218AE972003E1028 /* TB_mine_press@3x.png in Resources */ = {isa = PBXBuildFile; fileRef = DEE4386B218AE972003E1028 /* TB_mine_press@3x.png */; };
		DEE43888218AE972003E1028 /* TB_community_press@3x.png in Resources */ = {isa = PBXBuildFile; fileRef = DEE4386C218AE972003E1028 /* TB_community_press@3x.png */; };
		DEE43889218AE972003E1028 /* TB_function_press@3x.png in Resources */ = {isa = PBXBuildFile; fileRef = DEE4386D218AE972003E1028 /* TB_function_press@3x.png */; };
		DEE4388A218AE972003E1028 /* HomeCell.m in Sources */ = {isa = PBXBuildFile; fileRef = DEE4386F218AE972003E1028 /* HomeCell.m */; };
/* End PBXBuildFile section */

/* Begin PBXFileReference section */
		6397D2F179E298295C808235 /* libPods-八点半买.a */ = {isa = PBXFileReference; explicitFileType = archive.ar; includeInIndex = 0; path = "libPods-八点半买.a"; sourceTree = BUILT_PRODUCTS_DIR; };
		84A03DB3D5FFD919802D0AE3 /* Pods-八点半买.release.xcconfig */ = {isa = PBXFileReference; includeInIndex = 1; lastKnownFileType = text.xcconfig; name = "Pods-八点半买.release.xcconfig"; path = "Pods/Target Support Files/Pods-八点半买/Pods-八点半买.release.xcconfig"; sourceTree = "<group>"; };
		DE30EE15217587870043FABC /* 八点半买.app */ = {isa = PBXFileReference; explicitFileType = wrapper.application; includeInIndex = 0; path = "八点半买.app"; sourceTree = BUILT_PRODUCTS_DIR; };
		DE30EE18217587870043FABC /* AppDelegate.h */ = {isa = PBXFileReference; lastKnownFileType = sourcecode.c.h; path = AppDelegate.h; sourceTree = "<group>"; };
		DE30EE19217587870043FABC /* AppDelegate.m */ = {isa = PBXFileReference; lastKnownFileType = sourcecode.c.objc; path = AppDelegate.m; sourceTree = "<group>"; };
		DE30EE1B217587870043FABC /* ViewController.h */ = {isa = PBXFileReference; lastKnownFileType = sourcecode.c.h; path = ViewController.h; sourceTree = "<group>"; };
		DE30EE1C217587870043FABC /* ViewController.m */ = {isa = PBXFileReference; lastKnownFileType = sourcecode.c.objc; path = ViewController.m; sourceTree = "<group>"; };
		DE30EE212175878B0043FABC /* Assets.xcassets */ = {isa = PBXFileReference; lastKnownFileType = folder.assetcatalog; path = Assets.xcassets; sourceTree = "<group>"; };
		DE30EE242175878B0043FABC /* Base */ = {isa = PBXFileReference; lastKnownFileType = file.storyboard; name = Base; path = Base.lproj/LaunchScreen.storyboard; sourceTree = "<group>"; };
		DE30EE262175878B0043FABC /* Info.plist */ = {isa = PBXFileReference; lastKnownFileType = text.plist.xml; path = Info.plist; sourceTree = "<group>"; };
		DE30EE272175878B0043FABC /* main.m */ = {isa = PBXFileReference; lastKnownFileType = sourcecode.c.objc; path = main.m; sourceTree = "<group>"; };
		DE93ED8F21869EEA0071DB5D /* 八点半买.entitlements */ = {isa = PBXFileReference; lastKnownFileType = text.plist.entitlements; path = "八点半买.entitlements"; sourceTree = "<group>"; };
		DE93ED9021869F7F0071DB5D /* libz.tbd */ = {isa = PBXFileReference; lastKnownFileType = "sourcecode.text-based-dylib-definition"; name = libz.tbd; path = usr/lib/libz.tbd; sourceTree = SDKROOT; };
		DE93ED9221869F890071DB5D /* libsqlite3.0.tbd */ = {isa = PBXFileReference; lastKnownFileType = "sourcecode.text-based-dylib-definition"; name = libsqlite3.0.tbd; path = usr/lib/libsqlite3.0.tbd; sourceTree = SDKROOT; };
		DE93ED9421869F900071DB5D /* UserNotifications.framework */ = {isa = PBXFileReference; lastKnownFileType = wrapper.framework; name = UserNotifications.framework; path = System/Library/Frameworks/UserNotifications.framework; sourceTree = SDKROOT; };
		DEE43845218AE972003E1028 /* HomeViewController.m */ = {isa = PBXFileReference; fileEncoding = 4; lastKnownFileType = sourcecode.c.objc; path = HomeViewController.m; sourceTree = "<group>"; };
		DEE43846218AE972003E1028 /* Home_demo_01.png */ = {isa = PBXFileReference; lastKnownFileType = image.png; path = Home_demo_01.png; sourceTree = "<group>"; };
		DEE43847218AE972003E1028 /* Home_demo_03.png */ = {isa = PBXFileReference; lastKnownFileType = image.png; path = Home_demo_03.png; sourceTree = "<group>"; };
		DEE43848218AE972003E1028 /* Home_demo_02.png */ = {isa = PBXFileReference; lastKnownFileType = image.png; path = Home_demo_02.png; sourceTree = "<group>"; };
		DEE43849218AE972003E1028 /* Define.h */ = {isa = PBXFileReference; fileEncoding = 4; lastKnownFileType = sourcecode.c.h; path = Define.h; sourceTree = "<group>"; };
		DEE4384A218AE972003E1028 /* HomeCell.h */ = {isa = PBXFileReference; fileEncoding = 4; lastKnownFileType = sourcecode.c.h; path = HomeCell.h; sourceTree = "<group>"; };
		DEE4384C218AE972003E1028 /* TabBarController.m */ = {isa = PBXFileReference; fileEncoding = 4; lastKnownFileType = sourcecode.c.objc; path = TabBarController.m; sourceTree = "<group>"; };
		DEE4384D218AE972003E1028 /* Tabbar.m */ = {isa = PBXFileReference; fileEncoding = 4; lastKnownFileType = sourcecode.c.objc; path = Tabbar.m; sourceTree = "<group>"; };
		DEE4384E218AE972003E1028 /* TabBarController.h */ = {isa = PBXFileReference; fileEncoding = 4; lastKnownFileType = sourcecode.c.h; path = TabBarController.h; sourceTree = "<group>"; };
		DEE4384F218AE972003E1028 /* Tabbar.h */ = {isa = PBXFileReference; fileEncoding = 4; lastKnownFileType = sourcecode.c.h; path = Tabbar.h; sourceTree = "<group>"; };
		DEE43850218AE972003E1028 /* HomeDetailViewController.m */ = {isa = PBXFileReference; fileEncoding = 4; lastKnownFileType = sourcecode.c.objc; path = HomeDetailViewController.m; sourceTree = "<group>"; };
		DEE43851218AE972003E1028 /* Mine_photo_define@3x.png */ = {isa = PBXFileReference; lastKnownFileType = image.png; path = "Mine_photo_define@3x.png"; sourceTree = "<group>"; };
		DEE43853218AE972003E1028 /* FunctionViewController.m */ = {isa = PBXFileReference; fileEncoding = 4; lastKnownFileType = sourcecode.c.objc; path = FunctionViewController.m; sourceTree = "<group>"; };
		DEE43854218AE972003E1028 /* CenterViewController.m */ = {isa = PBXFileReference; fileEncoding = 4; lastKnownFileType = sourcecode.c.objc; path = CenterViewController.m; sourceTree = "<group>"; };
		DEE43855218AE972003E1028 /* WBTool.m */ = {isa = PBXFileReference; fileEncoding = 4; lastKnownFileType = sourcecode.c.objc; path = WBTool.m; sourceTree = "<group>"; };
		DEE43856218AE972003E1028 /* UIColor+ConvertColor.h */ = {isa = PBXFileReference; fileEncoding = 4; lastKnownFileType = sourcecode.c.h; path = "UIColor+ConvertColor.h"; sourceTree = "<group>"; };
		DEE43857218AE972003E1028 /* CommunityViewController.m */ = {isa = PBXFileReference; fileEncoding = 4; lastKnownFileType = sourcecode.c.objc; path = CommunityViewController.m; sourceTree = "<group>"; };
		DEE43858218AE972003E1028 /* UILabel+Size.m */ = {isa = PBXFileReference; fileEncoding = 4; lastKnownFileType = sourcecode.c.objc; path = "UILabel+Size.m"; sourceTree = "<group>"; };
		DEE43859218AE972003E1028 /* MineViewController.h */ = {isa = PBXFileReference; fileEncoding = 4; lastKnownFileType = sourcecode.c.h; path = MineViewController.h; sourceTree = "<group>"; };
		DEE4385A218AE972003E1028 /* CenterViewController.h */ = {isa = PBXFileReference; fileEncoding = 4; lastKnownFileType = sourcecode.c.h; path = CenterViewController.h; sourceTree = "<group>"; };
		DEE4385B218AE972003E1028 /* FunctionViewController.h */ = {isa = PBXFileReference; fileEncoding = 4; lastKnownFileType = sourcecode.c.h; path = FunctionViewController.h; sourceTree = "<group>"; };
		DEE4385C218AE972003E1028 /* CommunityViewController.h */ = {isa = PBXFileReference; fileEncoding = 4; lastKnownFileType = sourcecode.c.h; path = CommunityViewController.h; sourceTree = "<group>"; };
		DEE4385D218AE972003E1028 /* UIColor+ConvertColor.m */ = {isa = PBXFileReference; fileEncoding = 4; lastKnownFileType = sourcecode.c.objc; path = "UIColor+ConvertColor.m"; sourceTree = "<group>"; };
		DEE4385E218AE972003E1028 /* WBTool.h */ = {isa = PBXFileReference; fileEncoding = 4; lastKnownFileType = sourcecode.c.h; path = WBTool.h; sourceTree = "<group>"; };
		DEE4385F218AE972003E1028 /* UILabel+Size.h */ = {isa = PBXFileReference; fileEncoding = 4; lastKnownFileType = sourcecode.c.h; path = "UILabel+Size.h"; sourceTree = "<group>"; };
		DEE43860218AE972003E1028 /* MineViewController.m */ = {isa = PBXFileReference; fileEncoding = 4; lastKnownFileType = sourcecode.c.objc; path = MineViewController.m; sourceTree = "<group>"; };
		DEE43861218AE972003E1028 /* Mine_photo_define@2x.png */ = {isa = PBXFileReference; lastKnownFileType = image.png; path = "Mine_photo_define@2x.png"; sourceTree = "<group>"; };
		DEE43862218AE972003E1028 /* HomeViewController.h */ = {isa = PBXFileReference; fileEncoding = 4; lastKnownFileType = sourcecode.c.h; path = HomeViewController.h; sourceTree = "<group>"; };
		DEE43864218AE972003E1028 /* TB_mine_normal@3x.png */ = {isa = PBXFileReference; lastKnownFileType = image.png; path = "TB_mine_normal@3x.png"; sourceTree = "<group>"; };
		DEE43865218AE972003E1028 /* TB_function_normal@3x.png */ = {isa = PBXFileReference; lastKnownFileType = image.png; path = "TB_function_normal@3x.png"; sourceTree = "<group>"; };
		DEE43866218AE972003E1028 /* homePage_saoyisao@3x.png */ = {isa = PBXFileReference; lastKnownFileType = image.png; path = "homePage_saoyisao@3x.png"; sourceTree = "<group>"; };
		DEE43867218AE972003E1028 /* homePage_saoyisao@2x.png */ = {isa = PBXFileReference; lastKnownFileType = image.png; path = "homePage_saoyisao@2x.png"; sourceTree = "<group>"; };
		DEE43868218AE972003E1028 /* TB_home_press@3x.png */ = {isa = PBXFileReference; lastKnownFileType = image.png; path = "TB_home_press@3x.png"; sourceTree = "<group>"; };
		DEE43869218AE972003E1028 /* TB_home_normal@3x.png */ = {isa = PBXFileReference; lastKnownFileType = image.png; path = "TB_home_normal@3x.png"; sourceTree = "<group>"; };
		DEE4386A218AE972003E1028 /* TB_community_normal@3x.png */ = {isa = PBXFileReference; lastKnownFileType = image.png; path = "TB_community_normal@3x.png"; sourceTree = "<group>"; };
		DEE4386B218AE972003E1028 /* TB_mine_press@3x.png */ = {isa = PBXFileReference; lastKnownFileType = image.png; path = "TB_mine_press@3x.png"; sourceTree = "<group>"; };
		DEE4386C218AE972003E1028 /* TB_community_press@3x.png */ = {isa = PBXFileReference; lastKnownFileType = image.png; path = "TB_community_press@3x.png"; sourceTree = "<group>"; };
		DEE4386D218AE972003E1028 /* TB_function_press@3x.png */ = {isa = PBXFileReference; lastKnownFileType = image.png; path = "TB_function_press@3x.png"; sourceTree = "<group>"; };
		DEE4386E218AE972003E1028 /* HomeDetailViewController.h */ = {isa = PBXFileReference; fileEncoding = 4; lastKnownFileType = sourcecode.c.h; path = HomeDetailViewController.h; sourceTree = "<group>"; };
		DEE4386F218AE972003E1028 /* HomeCell.m */ = {isa = PBXFileReference; fileEncoding = 4; lastKnownFileType = sourcecode.c.objc; path = HomeCell.m; sourceTree = "<group>"; };
		E84CCD30A1732303D81F302E /* Pods-八点半买.debug.xcconfig */ = {isa = PBXFileReference; includeInIndex = 1; lastKnownFileType = text.xcconfig; name = "Pods-八点半买.debug.xcconfig"; path = "Pods/Target Support Files/Pods-八点半买/Pods-八点半买.debug.xcconfig"; sourceTree = "<group>"; };
/* End PBXFileReference section */

/* Begin PBXFrameworksBuildPhase section */
		DE30EE12217587870043FABC /* Frameworks */ = {
			isa = PBXFrameworksBuildPhase;
			buildActionMask = 2147483647;
			files = (
				DE93ED9521869F900071DB5D /* UserNotifications.framework in Frameworks */,
				DE93ED9321869F890071DB5D /* libsqlite3.0.tbd in Frameworks */,
				DE93ED9121869F7F0071DB5D /* libz.tbd in Frameworks */,
				20E2ED9C8253C9063DFCB75A /* libPods-八点半买.a in Frameworks */,
			);
			runOnlyForDeploymentPostprocessing = 0;
		};
/* End PBXFrameworksBuildPhase section */

/* Begin PBXGroup section */
		8952D93216C5A5AFD874A617 /* Frameworks */ = {
			isa = PBXGroup;
			children = (
				DE93ED9421869F900071DB5D /* UserNotifications.framework */,
				DE93ED9221869F890071DB5D /* libsqlite3.0.tbd */,
				DE93ED9021869F7F0071DB5D /* libz.tbd */,
				6397D2F179E298295C808235 /* libPods-八点半买.a */,
			);
			name = Frameworks;
			sourceTree = "<group>";
		};
		AF98BC545E1545331B15514D /* Pods */ = {
			isa = PBXGroup;
			children = (
				E84CCD30A1732303D81F302E /* Pods-八点半买.debug.xcconfig */,
				84A03DB3D5FFD919802D0AE3 /* Pods-八点半买.release.xcconfig */,
			);
			name = Pods;
			sourceTree = "<group>";
		};
		DE30EE0C217587870043FABC = {
			isa = PBXGroup;
			children = (
				DE30EE17217587870043FABC /* 八点半买 */,
				DE30EE16217587870043FABC /* Products */,
				AF98BC545E1545331B15514D /* Pods */,
				8952D93216C5A5AFD874A617 /* Frameworks */,
			);
			sourceTree = "<group>";
		};
		DE30EE16217587870043FABC /* Products */ = {
			isa = PBXGroup;
			children = (
				DE30EE15217587870043FABC /* 八点半买.app */,
			);
			name = Products;
			sourceTree = "<group>";
		};
		DE30EE17217587870043FABC /* 八点半买 */ = {
			isa = PBXGroup;
			children = (
				DEE43844218AE972003E1028 /* news */,
				DE93ED8F21869EEA0071DB5D /* 八点半买.entitlements */,
				DE30EE18217587870043FABC /* AppDelegate.h */,
				DE30EE19217587870043FABC /* AppDelegate.m */,
				DE30EE1B217587870043FABC /* ViewController.h */,
				DE30EE1C217587870043FABC /* ViewController.m */,
				DE30EE212175878B0043FABC /* Assets.xcassets */,
				DE30EE232175878B0043FABC /* LaunchScreen.storyboard */,
				DE30EE262175878B0043FABC /* Info.plist */,
				DE30EE272175878B0043FABC /* main.m */,
			);
			path = "八点半买";
			sourceTree = "<group>";
		};
		DEE43844218AE972003E1028 /* news */ = {
			isa = PBXGroup;
			children = (
				DEE43845218AE972003E1028 /* HomeViewController.m */,
				DEE43846218AE972003E1028 /* Home_demo_01.png */,
				DEE43847218AE972003E1028 /* Home_demo_03.png */,
				DEE43848218AE972003E1028 /* Home_demo_02.png */,
				DEE43849218AE972003E1028 /* Define.h */,
				DEE4384A218AE972003E1028 /* HomeCell.h */,
				DEE4384B218AE972003E1028 /* TabbarCostom */,
				DEE43850218AE972003E1028 /* HomeDetailViewController.m */,
				DEE43851218AE972003E1028 /* Mine_photo_define@3x.png */,
				DEE43852218AE972003E1028 /* Others */,
				DEE43861218AE972003E1028 /* Mine_photo_define@2x.png */,
				DEE43862218AE972003E1028 /* HomeViewController.h */,
				DEE43863218AE972003E1028 /* TabbarImage */,
				DEE4386E218AE972003E1028 /* HomeDetailViewController.h */,
				DEE4386F218AE972003E1028 /* HomeCell.m */,
			);
			path = news;
			sourceTree = "<group>";
		};
		DEE4384B218AE972003E1028 /* TabbarCostom */ = {
			isa = PBXGroup;
			children = (
				DEE4384C218AE972003E1028 /* TabBarController.m */,
				DEE4384D218AE972003E1028 /* Tabbar.m */,
				DEE4384E218AE972003E1028 /* TabBarController.h */,
				DEE4384F218AE972003E1028 /* Tabbar.h */,
			);
			path = TabbarCostom;
			sourceTree = "<group>";
		};
		DEE43852218AE972003E1028 /* Others */ = {
			isa = PBXGroup;
			children = (
				DEE43853218AE972003E1028 /* FunctionViewController.m */,
				DEE43854218AE972003E1028 /* CenterViewController.m */,
				DEE43855218AE972003E1028 /* WBTool.m */,
				DEE43856218AE972003E1028 /* UIColor+ConvertColor.h */,
				DEE43857218AE972003E1028 /* CommunityViewController.m */,
				DEE43858218AE972003E1028 /* UILabel+Size.m */,
				DEE43859218AE972003E1028 /* MineViewController.h */,
				DEE4385A218AE972003E1028 /* CenterViewController.h */,
				DEE4385B218AE972003E1028 /* FunctionViewController.h */,
				DEE4385C218AE972003E1028 /* CommunityViewController.h */,
				DEE4385D218AE972003E1028 /* UIColor+ConvertColor.m */,
				DEE4385E218AE972003E1028 /* WBTool.h */,
				DEE4385F218AE972003E1028 /* UILabel+Size.h */,
				DEE43860218AE972003E1028 /* MineViewController.m */,
			);
			path = Others;
			sourceTree = "<group>";
		};
		DEE43863218AE972003E1028 /* TabbarImage */ = {
			isa = PBXGroup;
			children = (
				DEE43864218AE972003E1028 /* TB_mine_normal@3x.png */,
				DEE43865218AE972003E1028 /* TB_function_normal@3x.png */,
				DEE43866218AE972003E1028 /* homePage_saoyisao@3x.png */,
				DEE43867218AE972003E1028 /* homePage_saoyisao@2x.png */,
				DEE43868218AE972003E1028 /* TB_home_press@3x.png */,
				DEE43869218AE972003E1028 /* TB_home_normal@3x.png */,
				DEE4386A218AE972003E1028 /* TB_community_normal@3x.png */,
				DEE4386B218AE972003E1028 /* TB_mine_press@3x.png */,
				DEE4386C218AE972003E1028 /* TB_community_press@3x.png */,
				DEE4386D218AE972003E1028 /* TB_function_press@3x.png */,
			);
			path = TabbarImage;
			sourceTree = "<group>";
		};
/* End PBXGroup section */

/* Begin PBXNativeTarget section */
		DE30EE14217587870043FABC /* 八点半买 */ = {
			isa = PBXNativeTarget;
			buildConfigurationList = DE30EE2B2175878B0043FABC /* Build configuration list for PBXNativeTarget "八点半买" */;
			buildPhases = (
				9D5488B5267ED408E7643804 /* [CP] Check Pods Manifest.lock */,
				DE30EE11217587870043FABC /* Sources */,
				DE30EE12217587870043FABC /* Frameworks */,
				DE30EE13217587870043FABC /* Resources */,
				2D5BE6D818A9D8E837B4F790 /* [CP] Embed Pods Frameworks */,
				F03CFA654B4C53B84833826E /* [CP] Copy Pods Resources */,
			);
			buildRules = (
			);
			dependencies = (
			);
			name = "八点半买";
			productName = "八点半买";
			productReference = DE30EE15217587870043FABC /* 八点半买.app */;
			productType = "com.apple.product-type.application";
		};
/* End PBXNativeTarget section */

/* Begin PBXProject section */
		DE30EE0D217587870043FABC /* Project object */ = {
			isa = PBXProject;
			attributes = {
				LastUpgradeCheck = 1000;
				ORGANIZATIONNAME = com.bdbbuy.bdbbuy;
				TargetAttributes = {
					DE30EE14217587870043FABC = {
						CreatedOnToolsVersion = 10.0;
						SystemCapabilities = {
							com.apple.BackgroundModes = {
								enabled = 1;
							};
							com.apple.Push = {
								enabled = 1;
							};
						};
					};
				};
			};
			buildConfigurationList = DE30EE10217587870043FABC /* Build configuration list for PBXProject "八点半买" */;
			compatibilityVersion = "Xcode 9.3";
			developmentRegion = en;
			hasScannedForEncodings = 0;
			knownRegions = (
				en,
				Base,
			);
			mainGroup = DE30EE0C217587870043FABC;
			productRefGroup = DE30EE16217587870043FABC /* Products */;
			projectDirPath = "";
			projectRoot = "";
			targets = (
				DE30EE14217587870043FABC /* 八点半买 */,
			);
		};
/* End PBXProject section */

/* Begin PBXResourcesBuildPhase section */
		DE30EE13217587870043FABC /* Resources */ = {
			isa = PBXResourcesBuildPhase;
			buildActionMask = 2147483647;
			files = (
				DEE43886218AE972003E1028 /* TB_community_normal@3x.png in Resources */,
				DEE43884218AE972003E1028 /* TB_home_press@3x.png in Resources */,
				DE30EE252175878B0043FABC /* LaunchScreen.storyboard in Resources */,
				DEE43882218AE972003E1028 /* homePage_saoyisao@3x.png in Resources */,
				DEE43880218AE972003E1028 /* TB_mine_normal@3x.png in Resources */,
				DEE43871218AE972003E1028 /* Home_demo_01.png in Resources */,
				DEE43883218AE972003E1028 /* homePage_saoyisao@2x.png in Resources */,
				DEE43873218AE972003E1028 /* Home_demo_02.png in Resources */,
				DEE43885218AE972003E1028 /* TB_home_normal@3x.png in Resources */,
				DEE43889218AE972003E1028 /* TB_function_press@3x.png in Resources */,
				DEE43887218AE972003E1028 /* TB_mine_press@3x.png in Resources */,
				DEE43881218AE972003E1028 /* TB_function_normal@3x.png in Resources */,
				DEE43872218AE972003E1028 /* Home_demo_03.png in Resources */,
				DEE43877218AE972003E1028 /* Mine_photo_define@3x.png in Resources */,
				DEE43888218AE972003E1028 /* TB_community_press@3x.png in Resources */,
				DEE4387F218AE972003E1028 /* Mine_photo_define@2x.png in Resources */,
				DE30EE222175878B0043FABC /* Assets.xcassets in Resources */,
			);
			runOnlyForDeploymentPostprocessing = 0;
		};
/* End PBXResourcesBuildPhase section */

/* Begin PBXShellScriptBuildPhase section */
		2D5BE6D818A9D8E837B4F790 /* [CP] Embed Pods Frameworks */ = {
			isa = PBXShellScriptBuildPhase;
			buildActionMask = 2147483647;
			files = (
			);
			inputPaths = (
			);
			name = "[CP] Embed Pods Frameworks";
			outputPaths = (
			);
			runOnlyForDeploymentPostprocessing = 0;
			shellPath = /bin/sh;
			shellScript = "\"${SRCROOT}/Pods/Target Support Files/Pods-八点半买/Pods-八点半买-frameworks.sh\"\n";
			showEnvVarsInLog = 0;
		};
		9D5488B5267ED408E7643804 /* [CP] Check Pods Manifest.lock */ = {
			isa = PBXShellScriptBuildPhase;
			buildActionMask = 2147483647;
			files = (
			);
			inputPaths = (
			);
			name = "[CP] Check Pods Manifest.lock";
			outputPaths = (
			);
			runOnlyForDeploymentPostprocessing = 0;
			shellPath = /bin/sh;
			shellScript = "diff \"${PODS_ROOT}/../Podfile.lock\" \"${PODS_ROOT}/Manifest.lock\" > /dev/null\nif [ $? != 0 ] ; then\n    # print error to STDERR\n    echo \"error: The sandbox is not in sync with the Podfile.lock. Run 'pod install' or update your CocoaPods installation.\" >&2\n    exit 1\nfi\n";
			showEnvVarsInLog = 0;
		};
		F03CFA654B4C53B84833826E /* [CP] Copy Pods Resources */ = {
			isa = PBXShellScriptBuildPhase;
			buildActionMask = 2147483647;
			files = (
			);
			inputPaths = (
			);
			name = "[CP] Copy Pods Resources";
			outputPaths = (
			);
			runOnlyForDeploymentPostprocessing = 0;
			shellPath = /bin/sh;
			shellScript = "\"${SRCROOT}/Pods/Target Support Files/Pods-八点半买/Pods-八点半买-resources.sh\"\n";
			showEnvVarsInLog = 0;
		};
/* End PBXShellScriptBuildPhase section */

/* Begin PBXSourcesBuildPhase section */
		DE30EE11217587870043FABC /* Sources */ = {
			isa = PBXSourcesBuildPhase;
			buildActionMask = 2147483647;
			files = (
				DEE43878218AE972003E1028 /* FunctionViewController.m in Sources */,
				DEE4387E218AE972003E1028 /* MineViewController.m in Sources */,
				DEE4387D218AE972003E1028 /* UIColor+ConvertColor.m in Sources */,
				DE30EE1D217587870043FABC /* ViewController.m in Sources */,
				DE30EE282175878B0043FABC /* main.m in Sources */,
				DEE4387B218AE972003E1028 /* CommunityViewController.m in Sources */,
				DEE43874218AE972003E1028 /* TabBarController.m in Sources */,
				DEE4387C218AE972003E1028 /* UILabel+Size.m in Sources */,
				DEE43875218AE972003E1028 /* Tabbar.m in Sources */,
				DEE43879218AE972003E1028 /* CenterViewController.m in Sources */,
				DEE4387A218AE972003E1028 /* WBTool.m in Sources */,
				DE30EE1A217587870043FABC /* AppDelegate.m in Sources */,
				DEE4388A218AE972003E1028 /* HomeCell.m in Sources */,
				DEE43876218AE972003E1028 /* HomeDetailViewController.m in Sources */,
				DEE43870218AE972003E1028 /* HomeViewController.m in Sources */,
			);
			runOnlyForDeploymentPostprocessing = 0;
		};
/* End PBXSourcesBuildPhase section */

/* Begin PBXVariantGroup section */
		DE30EE232175878B0043FABC /* LaunchScreen.storyboard */ = {
			isa = PBXVariantGroup;
			children = (
				DE30EE242175878B0043FABC /* Base */,
			);
			name = LaunchScreen.storyboard;
			sourceTree = "<group>";
		};
/* End PBXVariantGroup section */

/* Begin XCBuildConfiguration section */
		DE30EE292175878B0043FABC /* Debug */ = {
			isa = XCBuildConfiguration;
			buildSettings = {
				ALWAYS_SEARCH_USER_PATHS = NO;
				CLANG_ANALYZER_NONNULL = YES;
				CLANG_ANALYZER_NUMBER_OBJECT_CONVERSION = YES_AGGRESSIVE;
				CLANG_CXX_LANGUAGE_STANDARD = "gnu++14";
				CLANG_CXX_LIBRARY = "libc++";
				CLANG_ENABLE_MODULES = YES;
				CLANG_ENABLE_OBJC_ARC = YES;
				CLANG_ENABLE_OBJC_WEAK = YES;
				CLANG_WARN_BLOCK_CAPTURE_AUTORELEASING = YES;
				CLANG_WARN_BOOL_CONVERSION = YES;
				CLANG_WARN_COMMA = YES;
				CLANG_WARN_CONSTANT_CONVERSION = YES;
				CLANG_WARN_DEPRECATED_OBJC_IMPLEMENTATIONS = YES;
				CLANG_WARN_DIRECT_OBJC_ISA_USAGE = YES_ERROR;
				CLANG_WARN_DOCUMENTATION_COMMENTS = YES;
				CLANG_WARN_EMPTY_BODY = YES;
				CLANG_WARN_ENUM_CONVERSION = YES;
				CLANG_WARN_INFINITE_RECURSION = YES;
				CLANG_WARN_INT_CONVERSION = YES;
				CLANG_WARN_NON_LITERAL_NULL_CONVERSION = YES;
				CLANG_WARN_OBJC_IMPLICIT_RETAIN_SELF = YES;
				CLANG_WARN_OBJC_LITERAL_CONVERSION = YES;
				CLANG_WARN_OBJC_ROOT_CLASS = YES_ERROR;
				CLANG_WARN_RANGE_LOOP_ANALYSIS = YES;
				CLANG_WARN_STRICT_PROTOTYPES = YES;
				CLANG_WARN_SUSPICIOUS_MOVE = YES;
				CLANG_WARN_UNGUARDED_AVAILABILITY = YES_AGGRESSIVE;
				CLANG_WARN_UNREACHABLE_CODE = YES;
				CLANG_WARN__DUPLICATE_METHOD_MATCH = YES;
				CODE_SIGN_IDENTITY = "iPhone Developer";
				COPY_PHASE_STRIP = NO;
				DEBUG_INFORMATION_FORMAT = dwarf;
				ENABLE_STRICT_OBJC_MSGSEND = YES;
				ENABLE_TESTABILITY = YES;
				GCC_C_LANGUAGE_STANDARD = gnu11;
				GCC_DYNAMIC_NO_PIC = NO;
				GCC_NO_COMMON_BLOCKS = YES;
				GCC_OPTIMIZATION_LEVEL = 0;
				GCC_PREPROCESSOR_DEFINITIONS = (
					"DEBUG=1",
					"$(inherited)",
				);
				GCC_WARN_64_TO_32_BIT_CONVERSION = YES;
				GCC_WARN_ABOUT_RETURN_TYPE = YES_ERROR;
				GCC_WARN_UNDECLARED_SELECTOR = YES;
				GCC_WARN_UNINITIALIZED_AUTOS = YES_AGGRESSIVE;
				GCC_WARN_UNUSED_FUNCTION = YES;
				GCC_WARN_UNUSED_VARIABLE = YES;
				IPHONEOS_DEPLOYMENT_TARGET = 12.0;
				MTL_ENABLE_DEBUG_INFO = INCLUDE_SOURCE;
				MTL_FAST_MATH = YES;
				ONLY_ACTIVE_ARCH = YES;
				SDKROOT = iphoneos;
			};
			name = Debug;
		};
		DE30EE2A2175878B0043FABC /* Release */ = {
			isa = XCBuildConfiguration;
			buildSettings = {
				ALWAYS_SEARCH_USER_PATHS = NO;
				CLANG_ANALYZER_NONNULL = YES;
				CLANG_ANALYZER_NUMBER_OBJECT_CONVERSION = YES_AGGRESSIVE;
				CLANG_CXX_LANGUAGE_STANDARD = "gnu++14";
				CLANG_CXX_LIBRARY = "libc++";
				CLANG_ENABLE_MODULES = YES;
				CLANG_ENABLE_OBJC_ARC = YES;
				CLANG_ENABLE_OBJC_WEAK = YES;
				CLANG_WARN_BLOCK_CAPTURE_AUTORELEASING = YES;
				CLANG_WARN_BOOL_CONVERSION = YES;
				CLANG_WARN_COMMA = YES;
				CLANG_WARN_CONSTANT_CONVERSION = YES;
				CLANG_WARN_DEPRECATED_OBJC_IMPLEMENTATIONS = YES;
				CLANG_WARN_DIRECT_OBJC_ISA_USAGE = YES_ERROR;
				CLANG_WARN_DOCUMENTATION_COMMENTS = YES;
				CLANG_WARN_EMPTY_BODY = YES;
				CLANG_WARN_ENUM_CONVERSION = YES;
				CLANG_WARN_INFINITE_RECURSION = YES;
				CLANG_WARN_INT_CONVERSION = YES;
				CLANG_WARN_NON_LITERAL_NULL_CONVERSION = YES;
				CLANG_WARN_OBJC_IMPLICIT_RETAIN_SELF = YES;
				CLANG_WARN_OBJC_LITERAL_CONVERSION = YES;
				CLANG_WARN_OBJC_ROOT_CLASS = YES_ERROR;
				CLANG_WARN_RANGE_LOOP_ANALYSIS = YES;
				CLANG_WARN_STRICT_PROTOTYPES = YES;
				CLANG_WARN_SUSPICIOUS_MOVE = YES;
				CLANG_WARN_UNGUARDED_AVAILABILITY = YES_AGGRESSIVE;
				CLANG_WARN_UNREACHABLE_CODE = YES;
				CLANG_WARN__DUPLICATE_METHOD_MATCH = YES;
				CODE_SIGN_IDENTITY = "iPhone Developer";
				COPY_PHASE_STRIP = NO;
				DEBUG_INFORMATION_FORMAT = "dwarf-with-dsym";
				ENABLE_NS_ASSERTIONS = NO;
				ENABLE_STRICT_OBJC_MSGSEND = YES;
				GCC_C_LANGUAGE_STANDARD = gnu11;
				GCC_NO_COMMON_BLOCKS = YES;
				GCC_WARN_64_TO_32_BIT_CONVERSION = YES;
				GCC_WARN_ABOUT_RETURN_TYPE = YES_ERROR;
				GCC_WARN_UNDECLARED_SELECTOR = YES;
				GCC_WARN_UNINITIALIZED_AUTOS = YES_AGGRESSIVE;
				GCC_WARN_UNUSED_FUNCTION = YES;
				GCC_WARN_UNUSED_VARIABLE = YES;
				IPHONEOS_DEPLOYMENT_TARGET = 12.0;
				MTL_ENABLE_DEBUG_INFO = NO;
				MTL_FAST_MATH = YES;
				SDKROOT = iphoneos;
				VALIDATE_PRODUCT = YES;
			};
			name = Release;
		};
		DE30EE2C2175878B0043FABC /* Debug */ = {
			isa = XCBuildConfiguration;
			baseConfigurationReference = E84CCD30A1732303D81F302E /* Pods-八点半买.debug.xcconfig */;
			buildSettings = {
				ASSETCATALOG_COMPILER_APPICON_NAME = AppIcon;
				CODE_SIGN_ENTITLEMENTS = "八点半买/八点半买.entitlements";
				CODE_SIGN_STYLE = Automatic;
				DEVELOPMENT_TEAM = 73N7L3S6HT;
				INFOPLIST_FILE = "八点半买/Info.plist";
				IPHONEOS_DEPLOYMENT_TARGET = 10.0;
				LD_RUNPATH_SEARCH_PATHS = (
					"$(inherited)",
					"@executable_path/Frameworks",
				);
				PRODUCT_BUNDLE_IDENTIFIER = com.bdbbuy.bdbbuy;
				PRODUCT_NAME = "$(TARGET_NAME)";
				TARGETED_DEVICE_FAMILY = "1,2";
			};
			name = Debug;
		};
		DE30EE2D2175878B0043FABC /* Release */ = {
			isa = XCBuildConfiguration;
			baseConfigurationReference = 84A03DB3D5FFD919802D0AE3 /* Pods-八点半买.release.xcconfig */;
			buildSettings = {
				ASSETCATALOG_COMPILER_APPICON_NAME = AppIcon;
				CODE_SIGN_ENTITLEMENTS = "八点半买/八点半买.entitlements";
				CODE_SIGN_STYLE = Automatic;
				DEVELOPMENT_TEAM = 73N7L3S6HT;
				INFOPLIST_FILE = "八点半买/Info.plist";
				IPHONEOS_DEPLOYMENT_TARGET = 10.0;
				LD_RUNPATH_SEARCH_PATHS = (
					"$(inherited)",
					"@executable_path/Frameworks",
				);
				PRODUCT_BUNDLE_IDENTIFIER = com.bdbbuy.bdbbuy;
				PRODUCT_NAME = "$(TARGET_NAME)";
				TARGETED_DEVICE_FAMILY = "1,2";
			};
			name = Release;
		};
/* End XCBuildConfiguration section */

/* Begin XCConfigurationList section */
		DE30EE10217587870043FABC /* Build configuration list for PBXProject "八点半买" */ = {
			isa = XCConfigurationList;
			buildConfigurations = (
				DE30EE292175878B0043FABC /* Debug */,
				DE30EE2A2175878B0043FABC /* Release */,
			);
			defaultConfigurationIsVisible = 0;
			defaultConfigurationName = Release;
		};
		DE30EE2B2175878B0043FABC /* Build configuration list for PBXNativeTarget "八点半买" */ = {
			isa = XCConfigurationList;
			buildConfigurations = (
				DE30EE2C2175878B0043FABC /* Debug */,
				DE30EE2D2175878B0043FABC /* Release */,
			);
			defaultConfigurationIsVisible = 0;
			defaultConfigurationName = Release;
		};
/* End XCConfigurationList section */
	};
	rootObject = DE30EE0D217587870043FABC /* Project object */;
}
